
Microsoft Visual Studio Solution File, Format Version 12.00
# Visual Studio Version 17
VisualStudioVersion = 17.5.33530.505
MinimumVisualStudioVersion = 10.0.40219.1
Project("{9A19103F-16F7-4668-BE54-9A1E7A4F7556}") = "FmoviesNameReplacer", "FmoviesNameReplacer\FmoviesNameReplacer.csproj", "{7B78CDC1-6560-4A3C-A466-FDB89ECFD32B}"
EndProject
Project("{9A19103F-16F7-4668-BE54-9A1E7A4F7556}") = "ImageResizze", "ImageResizze\ImageResizze.csproj", "{413381E1-25C8-4B95-9EA9-BDAAC9D65B6D}"
EndProject
Project("{FAE04EC0-301F-11D3-BF4B-00C04F79EFBC}") = "SequentialUniqueIDs", "SequentialUniqueIDs\SequentialUniqueIDs.csproj", "{915B40AF-A277-4122-A802-2BEE84609D39}"
EndProject
Project("{9A19103F-16F7-4668-BE54-9A1E7A4F7556}") = "DatabaseIdGen", "DatabaseIdGen\DatabaseIdGen.csproj", "{489DF576-FB8B-4EC4-B361-41063CD3B4E9}"
EndProject
Project("{FAE04EC0-301F-11D3-BF4B-00C04F79EFBC}") = "AsyncEnumerableStreams", "AsyncEnumerableStreams\AsyncEnumerableStreams.csproj", "{DCFE9EB9-044C-402C-A32D-B87E05414854}"
EndProject
Global
	GlobalSection(SolutionConfigurationPlatforms) = preSolution
		Debug|Any CPU = Debug|Any CPU
		Release|Any CPU = Release|Any CPU
	EndGlobalSection
	GlobalSection(ProjectConfigurationPlatforms) = postSolution
		{7B78CDC1-6560-4A3C-A466-FDB89ECFD32B}.Debug|Any CPU.ActiveCfg = Debug|Any CPU
		{7B78CDC1-6560-4A3C-A466-FDB89ECFD32B}.Debug|Any CPU.Build.0 = Debug|Any CPU
		{7B78CDC1-6560-4A3C-A466-FDB89ECFD32B}.Release|Any CPU.ActiveCfg = Release|Any CPU
		{7B78CDC1-6560-4A3C-A466-FDB89ECFD32B}.Release|Any CPU.Build.0 = Release|Any CPU
		{413381E1-25C8-4B95-9EA9-BDAAC9D65B6D}.Debug|Any CPU.ActiveCfg = Debug|Any CPU
		{413381E1-25C8-4B95-9EA9-BDAAC9D65B6D}.Debug|Any CPU.Build.0 = Debug|Any CPU
		{413381E1-25C8-4B95-9EA9-BDAAC9D65B6D}.Release|Any CPU.ActiveCfg = Release|Any CPU
		{413381E1-25C8-4B95-9EA9-BDAAC9D65B6D}.Release|Any CPU.Build.0 = Release|Any CPU
		{915B40AF-A277-4122-A802-2BEE84609D39}.Debug|Any CPU.ActiveCfg = Debug|Any CPU
		{915B40AF-A277-4122-A802-2BEE84609D39}.Debug|Any CPU.Build.0 = Debug|Any CPU
		{915B40AF-A277-4122-A802-2BEE84609D39}.Release|Any CPU.ActiveCfg = Release|Any CPU
		{915B40AF-A277-4122-A802-2BEE84609D39}.Release|Any CPU.Build.0 = Release|Any CPU
		{489DF576-FB8B-4EC4-B361-41063CD3B4E9}.Debug|Any CPU.ActiveCfg = Debug|Any CPU
		{489DF576-FB8B-4EC4-B361-41063CD3B4E9}.Debug|Any CPU.Build.0 = Debug|Any CPU
		{489DF576-FB8B-4EC4-B361-41063CD3B4E9}.Release|Any CPU.ActiveCfg = Release|Any CPU
		{489DF576-FB8B-4EC4-B361-41063CD3B4E9}.Release|Any CPU.Build.0 = Release|Any CPU
		{DCFE9EB9-044C-402C-A32D-B87E05414854}.Debug|Any CPU.ActiveCfg = Debug|Any CPU
		{DCFE9EB9-044C-402C-A32D-B87E05414854}.Debug|Any CPU.Build.0 = Debug|Any CPU
		{DCFE9EB9-044C-402C-A32D-B87E05414854}.Release|Any CPU.ActiveCfg = Release|Any CPU
		{DCFE9EB9-044C-402C-A32D-B87E05414854}.Release|Any CPU.Build.0 = Release|Any CPU
	EndGlobalSection
	GlobalSection(SolutionProperties) = preSolution
		HideSolutionNode = FALSE
	EndGlobalSection
	GlobalSection(ExtensibilityGlobals) = postSolution
		SolutionGuid = {2AC150D4-EDA9-4D55-B641-F7BF538BECB8}
	EndGlobalSection
EndGlobal
