
Microsoft Visual Studio Solution File, Format Version 12.00
# Visual Studio Version 17
VisualStudioVersion = 17.5.33530.505
MinimumVisualStudioVersion = 10.0.40219.1
Project("{9A19103F-16F7-4668-BE54-9A1E7A4F7556}") = "FmoviesNameReplacer", "FmoviesNameReplacer\FmoviesNameReplacer.csproj", "{7B78CDC1-6560-4A3C-A466-FDB89ECFD32B}"
EndProject
Project("{9A19103F-16F7-4668-BE54-9A1E7A4F7556}") = "ImageResizze", "ImageResizze\ImageResizze.csproj", "{413381E1-25C8-4B95-9EA9-BDAAC9D65B6D}"
EndProject
Project("{FAE04EC0-301F-11D3-BF4B-00C04F79EFBC}") = "SequentialUniqueIDs", "SequentialUniqueIDs\SequentialUniqueIDs.csproj", "{915B40AF-A277-4122-A802-2BEE84609D39}"
EndProject
Project("{9A19103F-16F7-4668-BE54-9A1E7A4F7556}") = "DatabaseIdGen", "DatabaseIdGen\DatabaseIdGen.csproj", "{489DF576-FB8B-4EC4-B361-41063CD3B4E9}"
EndProject
Project("{9A19103F-16F7-4668-BE54-9A1E7A4F7556}") = "AsyncEnumerableStreams", "AsyncEnumerableStreams\AsyncEnumerableStreams.csproj", "{DCFE9EB9-044C-402C-A32D-B87E05414854}"
EndProject
Project("{9A19103F-16F7-4668-BE54-9A1E7A4F7556}") = "MyDapperVsEfCoreBench", "MyDapperVsEfCoreBench\MyDapperVsEfCoreBench.csproj", "{F4A7F84D-7BC4-400C-9F97-ACBB4E97E652}"
EndProject
Project("{9A19103F-16F7-4668-BE54-9A1E7A4F7556}") = "SpanAndMemory", "SpanAndMemory\SpanAndMemory.csproj", "{A87C0579-1142-4E07-B682-1FAE73A2C494}"
EndProject
Project("{9A19103F-16F7-4668-BE54-9A1E7A4F7556}") = "ServerSentEvents", "ServerSentEvents\ServerSentEvents.csproj", "{98144920-81DB-410A-A0DC-67F51AEA8B98}"
EndProject
Project("{9A19103F-16F7-4668-BE54-9A1E7A4F7556}") = "NumOfDaysBetwwenDates", "NumOfDaysBetwwenDates\NumOfDaysBetwwenDates.csproj", "{702A6782-5D53-4D7C-93F5-CE0AD85E7EF6}"
EndProject
Project("{9A19103F-16F7-4668-BE54-9A1E7A4F7556}") = "ListFolderNames", "ListFolderNames\ListFolderNames.csproj", "{1966A198-B5C7-4533-8D1F-D185C688AA9A}"
EndProject
Project("{FAE04EC0-301F-11D3-BF4B-00C04F79EFBC}") = "TestingMapperly", "TestingMapperly\TestingMapperly.csproj", "{2F89015C-7376-4E14-BAFC-73EF609F064A}"
EndProject
Global
	GlobalSection(SolutionConfigurationPlatforms) = preSolution
		Debug|Any CPU = Debug|Any CPU
		Release|Any CPU = Release|Any CPU
	EndGlobalSection
	GlobalSection(ProjectConfigurationPlatforms) = postSolution
		{7B78CDC1-6560-4A3C-A466-FDB89ECFD32B}.Debug|Any CPU.ActiveCfg = Debug|Any CPU
		{7B78CDC1-6560-4A3C-A466-FDB89ECFD32B}.Debug|Any CPU.Build.0 = Debug|Any CPU
		{7B78CDC1-6560-4A3C-A466-FDB89ECFD32B}.Release|Any CPU.ActiveCfg = Release|Any CPU
		{7B78CDC1-6560-4A3C-A466-FDB89ECFD32B}.Release|Any CPU.Build.0 = Release|Any CPU
		{413381E1-25C8-4B95-9EA9-BDAAC9D65B6D}.Debug|Any CPU.ActiveCfg = Debug|Any CPU
		{413381E1-25C8-4B95-9EA9-BDAAC9D65B6D}.Debug|Any CPU.Build.0 = Debug|Any CPU
		{413381E1-25C8-4B95-9EA9-BDAAC9D65B6D}.Release|Any CPU.ActiveCfg = Release|Any CPU
		{413381E1-25C8-4B95-9EA9-BDAAC9D65B6D}.Release|Any CPU.Build.0 = Release|Any CPU
		{915B40AF-A277-4122-A802-2BEE84609D39}.Debug|Any CPU.ActiveCfg = Debug|Any CPU
		{915B40AF-A277-4122-A802-2BEE84609D39}.Debug|Any CPU.Build.0 = Debug|Any CPU
		{915B40AF-A277-4122-A802-2BEE84609D39}.Release|Any CPU.ActiveCfg = Release|Any CPU
		{915B40AF-A277-4122-A802-2BEE84609D39}.Release|Any CPU.Build.0 = Release|Any CPU
		{489DF576-FB8B-4EC4-B361-41063CD3B4E9}.Debug|Any CPU.ActiveCfg = Debug|Any CPU
		{489DF576-FB8B-4EC4-B361-41063CD3B4E9}.Debug|Any CPU.Build.0 = Debug|Any CPU
		{489DF576-FB8B-4EC4-B361-41063CD3B4E9}.Release|Any CPU.ActiveCfg = Release|Any CPU
		{489DF576-FB8B-4EC4-B361-41063CD3B4E9}.Release|Any CPU.Build.0 = Release|Any CPU
		{DCFE9EB9-044C-402C-A32D-B87E05414854}.Debug|Any CPU.ActiveCfg = Debug|Any CPU
		{DCFE9EB9-044C-402C-A32D-B87E05414854}.Debug|Any CPU.Build.0 = Debug|Any CPU
		{DCFE9EB9-044C-402C-A32D-B87E05414854}.Release|Any CPU.ActiveCfg = Release|Any CPU
		{DCFE9EB9-044C-402C-A32D-B87E05414854}.Release|Any CPU.Build.0 = Release|Any CPU
		{F4A7F84D-7BC4-400C-9F97-ACBB4E97E652}.Debug|Any CPU.ActiveCfg = Debug|Any CPU
		{F4A7F84D-7BC4-400C-9F97-ACBB4E97E652}.Debug|Any CPU.Build.0 = Debug|Any CPU
		{F4A7F84D-7BC4-400C-9F97-ACBB4E97E652}.Release|Any CPU.ActiveCfg = Release|Any CPU
		{F4A7F84D-7BC4-400C-9F97-ACBB4E97E652}.Release|Any CPU.Build.0 = Release|Any CPU
		{A87C0579-1142-4E07-B682-1FAE73A2C494}.Debug|Any CPU.ActiveCfg = Debug|Any CPU
		{A87C0579-1142-4E07-B682-1FAE73A2C494}.Debug|Any CPU.Build.0 = Debug|Any CPU
		{A87C0579-1142-4E07-B682-1FAE73A2C494}.Release|Any CPU.ActiveCfg = Release|Any CPU
		{A87C0579-1142-4E07-B682-1FAE73A2C494}.Release|Any CPU.Build.0 = Release|Any CPU
		{98144920-81DB-410A-A0DC-67F51AEA8B98}.Debug|Any CPU.ActiveCfg = Debug|Any CPU
		{98144920-81DB-410A-A0DC-67F51AEA8B98}.Debug|Any CPU.Build.0 = Debug|Any CPU
		{98144920-81DB-410A-A0DC-67F51AEA8B98}.Release|Any CPU.ActiveCfg = Release|Any CPU
		{98144920-81DB-410A-A0DC-67F51AEA8B98}.Release|Any CPU.Build.0 = Release|Any CPU
		{702A6782-5D53-4D7C-93F5-CE0AD85E7EF6}.Debug|Any CPU.ActiveCfg = Debug|Any CPU
		{702A6782-5D53-4D7C-93F5-CE0AD85E7EF6}.Debug|Any CPU.Build.0 = Debug|Any CPU
		{702A6782-5D53-4D7C-93F5-CE0AD85E7EF6}.Release|Any CPU.ActiveCfg = Release|Any CPU
		{702A6782-5D53-4D7C-93F5-CE0AD85E7EF6}.Release|Any CPU.Build.0 = Release|Any CPU
		{1966A198-B5C7-4533-8D1F-D185C688AA9A}.Debug|Any CPU.ActiveCfg = Debug|Any CPU
		{1966A198-B5C7-4533-8D1F-D185C688AA9A}.Debug|Any CPU.Build.0 = Debug|Any CPU
		{1966A198-B5C7-4533-8D1F-D185C688AA9A}.Release|Any CPU.ActiveCfg = Release|Any CPU
		{1966A198-B5C7-4533-8D1F-D185C688AA9A}.Release|Any CPU.Build.0 = Release|Any CPU
		{2F89015C-7376-4E14-BAFC-73EF609F064A}.Debug|Any CPU.ActiveCfg = Debug|Any CPU
		{2F89015C-7376-4E14-BAFC-73EF609F064A}.Debug|Any CPU.Build.0 = Debug|Any CPU
		{2F89015C-7376-4E14-BAFC-73EF609F064A}.Release|Any CPU.ActiveCfg = Release|Any CPU
		{2F89015C-7376-4E14-BAFC-73EF609F064A}.Release|Any CPU.Build.0 = Release|Any CPU
	EndGlobalSection
	GlobalSection(SolutionProperties) = preSolution
		HideSolutionNode = FALSE
	EndGlobalSection
	GlobalSection(ExtensibilityGlobals) = postSolution
		SolutionGuid = {2AC150D4-EDA9-4D55-B641-F7BF538BECB8}
	EndGlobalSection
EndGlobal
