
Microsoft Visual Studio Solution File, Format Version 12.00
# Visual Studio Version 17
VisualStudioVersion = 17.5.33530.505
MinimumVisualStudioVersion = 10.0.40219.1
Project("{FAE04EC0-301F-11D3-BF4B-00C04F79EFBC}") = "PrivatePrograms", "PrivatePrograms.csproj", "{AE5BB917-6890-4E3E-A2A1-C191EE6D0032}"
EndProject
Project("{FAE04EC0-301F-11D3-BF4B-00C04F79EFBC}") = "FmoviesNameReplacer", "..\FmoviesNameReplacer\FmoviesNameReplacer.csproj", "{9FFA3F94-17B4-4F0F-855F-08946E95A49D}"
EndProject
Global
	GlobalSection(SolutionConfigurationPlatforms) = preSolution
		Debug|Any CPU = Debug|Any CPU
		Release|Any CPU = Release|Any CPU
	EndGlobalSection
	GlobalSection(ProjectConfigurationPlatforms) = postSolution
		{AE5BB917-6890-4E3E-A2A1-C191EE6D0032}.Debug|Any CPU.ActiveCfg = Debug|Any CPU
		{AE5BB917-6890-4E3E-A2A1-C191EE6D0032}.Debug|Any CPU.Build.0 = Debug|Any CPU
		{AE5BB917-6890-4E3E-A2A1-C191EE6D0032}.Release|Any CPU.ActiveCfg = Release|Any CPU
		{AE5BB917-6890-4E3E-A2A1-C191EE6D0032}.Release|Any CPU.Build.0 = Release|Any CPU
		{9FFA3F94-17B4-4F0F-855F-08946E95A49D}.Debug|Any CPU.ActiveCfg = Debug|Any CPU
		{9FFA3F94-17B4-4F0F-855F-08946E95A49D}.Debug|Any CPU.Build.0 = Debug|Any CPU
		{9FFA3F94-17B4-4F0F-855F-08946E95A49D}.Release|Any CPU.ActiveCfg = Release|Any CPU
		{9FFA3F94-17B4-4F0F-855F-08946E95A49D}.Release|Any CPU.Build.0 = Release|Any CPU
	EndGlobalSection
	GlobalSection(SolutionProperties) = preSolution
		HideSolutionNode = FALSE
	EndGlobalSection
	GlobalSection(ExtensibilityGlobals) = postSolution
		SolutionGuid = {1C7EEB7A-0B78-4C26-9C4F-E8A815339383}
	EndGlobalSection
EndGlobal
